
Microsoft Visual Studio Solution File, Format Version 12.00
# Visual Studio 15
VisualStudioVersion = 15.0.27130.2027
MinimumVisualStudioVersion = 10.0.40219.1
Project("{FAE04EC0-301F-11D3-BF4B-00C04F79EFBC}") = "WebApplication1", "WebApplication1\WebApplication1.csproj", "{7A57F35A-8147-4BFB-B24C-FE62DE3D1E8D}"
EndProject
Project("{E53339B2-1760-4266-BCC7-CA923CBCF16C}") = "docker-compose", "docker-compose.dcproj", "{15EC4881-CDF3-4E62-8F09-BF06151E76A4}"
EndProject
Global
	GlobalSection(SolutionConfigurationPlatforms) = preSolution
		Debug|Any CPU = Debug|Any CPU
		Release|Any CPU = Release|Any CPU
	EndGlobalSection
	GlobalSection(ProjectConfigurationPlatforms) = postSolution
		{7A57F35A-8147-4BFB-B24C-FE62DE3D1E8D}.Debug|Any CPU.ActiveCfg = Debug|Any CPU
		{7A57F35A-8147-4BFB-B24C-FE62DE3D1E8D}.Debug|Any CPU.Build.0 = Debug|Any CPU
		{7A57F35A-8147-4BFB-B24C-FE62DE3D1E8D}.Release|Any CPU.ActiveCfg = Release|Any CPU
		{7A57F35A-8147-4BFB-B24C-FE62DE3D1E8D}.Release|Any CPU.Build.0 = Release|Any CPU
		{15EC4881-CDF3-4E62-8F09-BF06151E76A4}.Debug|Any CPU.ActiveCfg = Debug|Any CPU
		{15EC4881-CDF3-4E62-8F09-BF06151E76A4}.Debug|Any CPU.Build.0 = Debug|Any CPU
		{15EC4881-CDF3-4E62-8F09-BF06151E76A4}.Release|Any CPU.ActiveCfg = Release|Any CPU
		{15EC4881-CDF3-4E62-8F09-BF06151E76A4}.Release|Any CPU.Build.0 = Release|Any CPU
	EndGlobalSection
	GlobalSection(SolutionProperties) = preSolution
		HideSolutionNode = FALSE
	EndGlobalSection
	GlobalSection(ExtensibilityGlobals) = postSolution
		SolutionGuid = {315E9081-22A7-42E8-B559-982F36279618}
	EndGlobalSection
EndGlobal
